
Microsoft Visual Studio Solution File, Format Version 12.00
# Visual Studio 15
VisualStudioVersion = 15.0.27703.2018
MinimumVisualStudioVersion = 10.0.40219.1
Project("{FAE04EC0-301F-11D3-BF4B-00C04F79EFBC}") = "DEVOpsDotnetMicroserviceTest", "DEVOpsDotnetMicroserviceTest\DEVOpsDotnetMicroserviceTest.csproj", "{483D02F3-16AC-44AD-B718-7CABE55B897B}"
EndProject
Project("{FAE04EC0-301F-11D3-BF4B-00C04F79EFBC}") = "DEVOpsDotnetMicroserviceTest.Tests", "DEVOpsDotnetMicroserviceTest.Tests\DEVOpsDotnetMicroserviceTest.Tests.csproj", "{32C2E2D1-506B-42D9-BE5D-12B9A44BCE3E}"
EndProject
Global
	GlobalSection(SolutionConfigurationPlatforms) = preSolution
		Debug|Any CPU = Debug|Any CPU
		Release|Any CPU = Release|Any CPU
	EndGlobalSection
	GlobalSection(ProjectConfigurationPlatforms) = postSolution
		{483D02F3-16AC-44AD-B718-7CABE55B897B}.Debug|Any CPU.ActiveCfg = Debug|Any CPU
		{483D02F3-16AC-44AD-B718-7CABE55B897B}.Debug|Any CPU.Build.0 = Debug|Any CPU
		{483D02F3-16AC-44AD-B718-7CABE55B897B}.Release|Any CPU.ActiveCfg = Release|Any CPU
		{483D02F3-16AC-44AD-B718-7CABE55B897B}.Release|Any CPU.Build.0 = Release|Any CPU
		{32C2E2D1-506B-42D9-BE5D-12B9A44BCE3E}.Debug|Any CPU.ActiveCfg = Debug|Any CPU
		{32C2E2D1-506B-42D9-BE5D-12B9A44BCE3E}.Debug|Any CPU.Build.0 = Debug|Any CPU
		{32C2E2D1-506B-42D9-BE5D-12B9A44BCE3E}.Release|Any CPU.ActiveCfg = Release|Any CPU
		{32C2E2D1-506B-42D9-BE5D-12B9A44BCE3E}.Release|Any CPU.Build.0 = Release|Any CPU
	EndGlobalSection
	GlobalSection(SolutionProperties) = preSolution
		HideSolutionNode = FALSE
	EndGlobalSection
	GlobalSection(ExtensibilityGlobals) = postSolution
		SolutionGuid = {DE11B9C4-3AD9-4BC2-808F-8672774EB94C}
	EndGlobalSection
EndGlobal
